
Microsoft Visual Studio Solution File, Format Version 12.00
# Visual Studio Version 17
VisualStudioVersion = 17.0.31903.59
MinimumVisualStudioVersion = 10.0.40219.1
Project("{FAE04EC0-301F-11D3-BF4B-00C04F79EFBC}") = "API", "API\API.csproj", "{5A68D0DA-A3C0-4E3F-86E8-C699846219D7}"
EndProject
Project("{FAE04EC0-301F-11D3-BF4B-00C04F79EFBC}") = "Core", "core\Core.csproj", "{93113E54-317B-4709-A937-3B3FE3CDD426}"
EndProject
Project("{FAE04EC0-301F-11D3-BF4B-00C04F79EFBC}") = "Infrastructure", "Infrastructure\Infrastructure.csproj", "{F5F970E3-22B2-4EE2-BD38-A42657C8604A}"
EndProject
Global
	GlobalSection(SolutionConfigurationPlatforms) = preSolution
		Debug|Any CPU = Debug|Any CPU
		Release|Any CPU = Release|Any CPU
	EndGlobalSection
	GlobalSection(SolutionProperties) = preSolution
		HideSolutionNode = FALSE
	EndGlobalSection
	GlobalSection(ProjectConfigurationPlatforms) = postSolution
		{5A68D0DA-A3C0-4E3F-86E8-C699846219D7}.Debug|Any CPU.ActiveCfg = Debug|Any CPU
		{5A68D0DA-A3C0-4E3F-86E8-C699846219D7}.Debug|Any CPU.Build.0 = Debug|Any CPU
		{5A68D0DA-A3C0-4E3F-86E8-C699846219D7}.Release|Any CPU.ActiveCfg = Release|Any CPU
		{5A68D0DA-A3C0-4E3F-86E8-C699846219D7}.Release|Any CPU.Build.0 = Release|Any CPU
		{93113E54-317B-4709-A937-3B3FE3CDD426}.Debug|Any CPU.ActiveCfg = Debug|Any CPU
		{93113E54-317B-4709-A937-3B3FE3CDD426}.Debug|Any CPU.Build.0 = Debug|Any CPU
		{93113E54-317B-4709-A937-3B3FE3CDD426}.Release|Any CPU.ActiveCfg = Release|Any CPU
		{93113E54-317B-4709-A937-3B3FE3CDD426}.Release|Any CPU.Build.0 = Release|Any CPU
		{F5F970E3-22B2-4EE2-BD38-A42657C8604A}.Debug|Any CPU.ActiveCfg = Debug|Any CPU
		{F5F970E3-22B2-4EE2-BD38-A42657C8604A}.Debug|Any CPU.Build.0 = Debug|Any CPU
		{F5F970E3-22B2-4EE2-BD38-A42657C8604A}.Release|Any CPU.ActiveCfg = Release|Any CPU
		{F5F970E3-22B2-4EE2-BD38-A42657C8604A}.Release|Any CPU.Build.0 = Release|Any CPU
	EndGlobalSection
EndGlobal
